
Microsoft Visual Studio Solution File, Format Version 12.00
# Visual Studio Version 17
VisualStudioVersion = 17.5.002.0
MinimumVisualStudioVersion = 10.0.40219.1
Project("{9A19103F-16F7-4668-BE54-9A1E7A4F7556}") = "SingletonDemo", "SingletonDemo.csproj", "{74B1C4D5-85D9-4D06-B2A7-A5B69A33D7B9}"
EndProject
Global
	GlobalSection(SolutionConfigurationPlatforms) = preSolution
		Debug|Any CPU = Debug|Any CPU
		Release|Any CPU = Release|Any CPU
	EndGlobalSection
	GlobalSection(ProjectConfigurationPlatforms) = postSolution
		{74B1C4D5-85D9-4D06-B2A7-A5B69A33D7B9}.Debug|Any CPU.ActiveCfg = Debug|Any CPU
		{74B1C4D5-85D9-4D06-B2A7-A5B69A33D7B9}.Debug|Any CPU.Build.0 = Debug|Any CPU
		{74B1C4D5-85D9-4D06-B2A7-A5B69A33D7B9}.Release|Any CPU.ActiveCfg = Release|Any CPU
		{74B1C4D5-85D9-4D06-B2A7-A5B69A33D7B9}.Release|Any CPU.Build.0 = Release|Any CPU
	EndGlobalSection
	GlobalSection(SolutionProperties) = preSolution
		HideSolutionNode = FALSE
	EndGlobalSection
	GlobalSection(ExtensibilityGlobals) = postSolution
		SolutionGuid = {41B3BC98-6035-4DD6-B248-827302902E62}
	EndGlobalSection
EndGlobal
